{
  "name": "Informatik_DoomStyle",
  "lockfileVersion": 3,
  "requires": true,
  "packages": {
    "": {
      "dependencies": {
        "@babylonjs/core": "^7.54.2",
        "@babylonjs/materials": "^7.54.2"
      }
    },
    "node_modules/@babylonjs/core": {
      "version": "7.54.2",
      "resolved": "https://registry.npmjs.org/@babylonjs/core/-/core-7.54.2.tgz",
      "integrity": "sha512-YL9eNAo3WUIRxcL8ggBtXwBLjgYozuJ7Zmt6/yP5x+U2aq1JmUiPKVEOFm+4EQRLCyvikjeftjSfqzUxCZkIdg==",
      "license": "Apache-2.0"
    },
    "node_modules/@babylonjs/materials": {
      "version": "7.54.2",
      "resolved": "https://registry.npmjs.org/@babylonjs/materials/-/materials-7.54.2.tgz",
      "integrity": "sha512-v58HqF2fuDOM9OSesJ/iG3zahK0kMEvVrk0dm+eHQrRgZ5DnqlBiNAOw4oUtvrBeD7mHTPmHZAyhcQUXgmHung==",
      "license": "Apache-2.0",
      "peerDependencies": {
        "@babylonjs/core": "^7.0.0"
      }
    }
  }
}
